
Microsoft Visual Studio Solution File, Format Version 12.00
# Visual Studio Version 17
VisualStudioVersion = 17.11.35327.3
MinimumVisualStudioVersion = 10.0.40219.1
Project("{8BC9CEB8-8B4A-11D0-8D11-00A0C91BC942}") = "Pasport", "Pasport\Pasport.vcxproj", "{BA8D6E43-D552-419C-A5AB-18C3D419CC95}"
EndProject
Global
	GlobalSection(SolutionConfigurationPlatforms) = preSolution
		Debug|x64 = Debug|x64
		Debug|x86 = Debug|x86
		Release|x64 = Release|x64
		Release|x86 = Release|x86
	EndGlobalSection
	GlobalSection(ProjectConfigurationPlatforms) = postSolution
		{BA8D6E43-D552-419C-A5AB-18C3D419CC95}.Debug|x64.ActiveCfg = Debug|x64
		{BA8D6E43-D552-419C-A5AB-18C3D419CC95}.Debug|x64.Build.0 = Debug|x64
		{BA8D6E43-D552-419C-A5AB-18C3D419CC95}.Debug|x86.ActiveCfg = Debug|Win32
		{BA8D6E43-D552-419C-A5AB-18C3D419CC95}.Debug|x86.Build.0 = Debug|Win32
		{BA8D6E43-D552-419C-A5AB-18C3D419CC95}.Release|x64.ActiveCfg = Release|x64
		{BA8D6E43-D552-419C-A5AB-18C3D419CC95}.Release|x64.Build.0 = Release|x64
		{BA8D6E43-D552-419C-A5AB-18C3D419CC95}.Release|x86.ActiveCfg = Release|Win32
		{BA8D6E43-D552-419C-A5AB-18C3D419CC95}.Release|x86.Build.0 = Release|Win32
	EndGlobalSection
	GlobalSection(SolutionProperties) = preSolution
		HideSolutionNode = FALSE
	EndGlobalSection
	GlobalSection(ExtensibilityGlobals) = postSolution
		SolutionGuid = {335A34AF-4467-4883-9595-AA2F794B7FC6}
	EndGlobalSection
EndGlobal
